
Microsoft Visual Studio Solution File, Format Version 12.00
# Visual Studio Version 17
VisualStudioVersion = 17.14.36429.23 d17.14
MinimumVisualStudioVersion = 10.0.40219.1
Project("{FAE04EC0-301F-11D3-BF4B-00C04F79EFBC}") = "MyOReillyAppConfig", "MyOReillyAppConfig.csproj", "{BBE7EE95-4B91-5F82-A429-7A5478E55892}"
EndProject
Global
	GlobalSection(SolutionConfigurationPlatforms) = preSolution
		Debug|Any CPU = Debug|Any CPU
		Release|Any CPU = Release|Any CPU
	EndGlobalSection
	GlobalSection(ProjectConfigurationPlatforms) = postSolution
		{BBE7EE95-4B91-5F82-A429-7A5478E55892}.Debug|Any CPU.ActiveCfg = Debug|Any CPU
		{BBE7EE95-4B91-5F82-A429-7A5478E55892}.Debug|Any CPU.Build.0 = Debug|Any CPU
		{BBE7EE95-4B91-5F82-A429-7A5478E55892}.Release|Any CPU.ActiveCfg = Release|Any CPU
		{BBE7EE95-4B91-5F82-A429-7A5478E55892}.Release|Any CPU.Build.0 = Release|Any CPU
	EndGlobalSection
	GlobalSection(SolutionProperties) = preSolution
		HideSolutionNode = FALSE
	EndGlobalSection
	GlobalSection(ExtensibilityGlobals) = postSolution
		SolutionGuid = {C79FE4BA-A05D-4B5B-9F52-D161FA6585CD}
	EndGlobalSection
EndGlobal
